Microsoft Visual Studio Solution File, Format Version 11.00
# Visual Studio 2008

Project("{13A2112F-10DF-DD78-D505-4F8C76C37467}") = "plane_server", "Assembly-CSharp.csproj", "{AABEA368-FEC3-4B61-9F5D-7F7FBD273CE3}"
EndProject
Project("{13A2112F-10DF-DD78-D505-4F8C76C37467}") = "plane_server", "Assembly-CSharp-Editor.csproj", "{797B873C-E35E-9796-6037-F1DB1D244C53}"
EndProject
Global
	GlobalSection(SolutionConfigurationPlatforms) = preSolution
		Debug|Any CPU = Debug|Any CPU
		Release|Any CPU = Release|Any CPU
	EndGlobalSection
	GlobalSection(ProjectConfigurationPlatforms) = postSolution
		{AABEA368-FEC3-4B61-9F5D-7F7FBD273CE3}.Debug|Any CPU.ActiveCfg = Debug|Any CPU
		{AABEA368-FEC3-4B61-9F5D-7F7FBD273CE3}.Debug|Any CPU.Build.0 = Debug|Any CPU
		{AABEA368-FEC3-4B61-9F5D-7F7FBD273CE3}.Release|Any CPU.ActiveCfg = Release|Any CPU
		{AABEA368-FEC3-4B61-9F5D-7F7FBD273CE3}.Release|Any CPU.Build.0 = Release|Any CPU
		{797B873C-E35E-9796-6037-F1DB1D244C53}.Debug|Any CPU.ActiveCfg = Debug|Any CPU
		{797B873C-E35E-9796-6037-F1DB1D244C53}.Debug|Any CPU.Build.0 = Debug|Any CPU
		{797B873C-E35E-9796-6037-F1DB1D244C53}.Release|Any CPU.ActiveCfg = Release|Any CPU
		{797B873C-E35E-9796-6037-F1DB1D244C53}.Release|Any CPU.Build.0 = Release|Any CPU
	EndGlobalSection
	GlobalSection(SolutionProperties) = preSolution
		HideSolutionNode = FALSE
	EndGlobalSection
	GlobalSection(MonoDevelopProperties) = preSolution
		StartupItem = Assembly-CSharp.csproj
	EndGlobalSection
EndGlobal
